
Microsoft Visual Studio Solution File, Format Version 12.00
# Visual Studio 15
VisualStudioVersion = 15.0.28307.438
MinimumVisualStudioVersion = 10.0.40219.1
Project("{FAE04EC0-301F-11D3-BF4B-00C04F79EFBC}") = "BigShool", "BigShool\BigShool.csproj", "{288E643A-2EB1-40F0-B69C-2CD54FE5B720}"
EndProject
Global
	GlobalSection(SolutionConfigurationPlatforms) = preSolution
		Debug|Any CPU = Debug|Any CPU
		Release|Any CPU = Release|Any CPU
	EndGlobalSection
	GlobalSection(ProjectConfigurationPlatforms) = postSolution
		{288E643A-2EB1-40F0-B69C-2CD54FE5B720}.Debug|Any CPU.ActiveCfg = Debug|Any CPU
		{288E643A-2EB1-40F0-B69C-2CD54FE5B720}.Debug|Any CPU.Build.0 = Debug|Any CPU
		{288E643A-2EB1-40F0-B69C-2CD54FE5B720}.Release|Any CPU.ActiveCfg = Release|Any CPU
		{288E643A-2EB1-40F0-B69C-2CD54FE5B720}.Release|Any CPU.Build.0 = Release|Any CPU
	EndGlobalSection
	GlobalSection(SolutionProperties) = preSolution
		HideSolutionNode = FALSE
	EndGlobalSection
	GlobalSection(ExtensibilityGlobals) = postSolution
		SolutionGuid = {B4EAD6A4-008A-4209-9401-0B724EF95D93}
	EndGlobalSection
EndGlobal
